// !$*UTF8*$!
{
	archiveVersion = 1;
	classes = {
	};
	objectVersion = 50;
	objects = {

/* Begin PBXBuildFile section */
		7EA9FC1C222902710000402D /* AppDelegate.swift in Sources */ = {isa = PBXBuildFile; fileRef = 7EA9FC1B222902710000402D /* AppDelegate.swift */; };
		7EA9FC1E222902710000402D /* ViewController.swift in Sources */ = {isa = PBXBuildFile; fileRef = 7EA9FC1D222902710000402D /* ViewController.swift */; };
		7EA9FC21222902710000402D /* Main.storyboard in Resources */ = {isa = PBXBuildFile; fileRef = 7EA9FC1F222902710000402D /* Main.storyboard */; };
		7EA9FC23222902720000402D /* Assets.xcassets in Resources */ = {isa = PBXBuildFile; fileRef = 7EA9FC22222902720000402D /* Assets.xcassets */; };
		7EA9FC26222902720000402D /* LaunchScreen.storyboard in Resources */ = {isa = PBXBuildFile; fileRef = 7EA9FC24222902720000402D /* LaunchScreen.storyboard */; };
		7EA9FC31222902720000402D /* TaxiMetricsTests.swift in Sources */ = {isa = PBXBuildFile; fileRef = 7EA9FC30222902720000402D /* TaxiMetricsTests.swift */; };
/* End PBXBuildFile section */

/* Begin PBXContainerItemProxy section */
		7EA9FC2D222902720000402D /* PBXContainerItemProxy */ = {
			isa = PBXContainerItemProxy;
			containerPortal = 7EA9FC10222902700000402D /* Project object */;
			proxyType = 1;
			remoteGlobalIDString = 7EA9FC17222902700000402D;
			remoteInfo = TaxiMetrics;
		};
/* End PBXContainerItemProxy section */

/* Begin PBXFileReference section */
		7EA9FC18222902710000402D /* TaxiMetrics.app */ = {isa = PBXFileReference; explicitFileType = wrapper.application; includeInIndex = 0; path = TaxiMetrics.app; sourceTree = BUILT_PRODUCTS_DIR; };
		7EA9FC1B222902710000402D /* AppDelegate.swift */ = {isa = PBXFileReference; lastKnownFileType = sourcecode.swift; path = AppDelegate.swift; sourceTree = "<group>"; };
		7EA9FC1D222902710000402D /* ViewController.swift */ = {isa = PBXFileReference; lastKnownFileType = sourcecode.swift; path = ViewController.swift; sourceTree = "<group>"; };
		7EA9FC20222902710000402D /* Base */ = {isa = PBXFileReference; lastKnownFileType = file.storyboard; name = Base; path = Base.lproj/Main.storyboard; sourceTree = "<group>"; };
		7EA9FC22222902720000402D /* Assets.xcassets */ = {isa = PBXFileReference; lastKnownFileType = folder.assetcatalog; path = Assets.xcassets; sourceTree = "<group>"; };
		7EA9FC25222902720000402D /* Base */ = {isa = PBXFileReference; lastKnownFileType = file.storyboard; name = Base; path = Base.lproj/LaunchScreen.storyboard; sourceTree = "<group>"; };
		7EA9FC27222902720000402D /* Info.plist */ = {isa = PBXFileReference; lastKnownFileType = text.plist.xml; path = Info.plist; sourceTree = "<group>"; };
		7EA9FC2C222902720000402D /* TaxiMetricsTests.xctest */ = {isa = PBXFileReference; explicitFileType = wrapper.cfbundle; includeInIndex = 0; path = TaxiMetricsTests.xctest; sourceTree = BUILT_PRODUCTS_DIR; };
		7EA9FC30222902720000402D /* TaxiMetricsTests.swift */ = {isa = PBXFileReference; lastKnownFileType = sourcecode.swift; path = TaxiMetricsTests.swift; sourceTree = "<group>"; };
		7EA9FC32222902720000402D /* Info.plist */ = {isa = PBXFileReference; lastKnownFileType = text.plist.xml; path = Info.plist; sourceTree = "<group>"; };
/* End PBXFileReference section */

/* Begin PBXFrameworksBuildPhase section */
		7EA9FC15222902700000402D /* Frameworks */ = {
			isa = PBXFrameworksBuildPhase;
			buildActionMask = 2147483647;
			files = (
			);
			runOnlyForDeploymentPostprocessing = 0;
		};
		7EA9FC29222902720000402D /* Frameworks */ = {
			isa = PBXFrameworksBuildPhase;
			buildActionMask = 2147483647;
			files = (
			);
			runOnlyForDeploymentPostprocessing = 0;
		};
/* End PBXFrameworksBuildPhase section */

/* Begin PBXGroup section */
		7EA9FC0F222902700000402D = {
			isa = PBXGroup;
			children = (
				7EA9FC1A222902710000402D /* TaxiMetrics */,
				7EA9FC2F222902720000402D /* TaxiMetricsTests */,
				7EA9FC19222902710000402D /* Products */,
			);
			sourceTree = "<group>";
		};
		7EA9FC19222902710000402D /* Products */ = {
			isa = PBXGroup;
			children = (
				7EA9FC18222902710000402D /* TaxiMetrics.app */,
				7EA9FC2C222902720000402D /* TaxiMetricsTests.xctest */,
			);
			name = Products;
			sourceTree = "<group>";
		};
		7EA9FC1A222902710000402D /* TaxiMetrics */ = {
			isa = PBXGroup;
			children = (
				7EA9FC1B222902710000402D /* AppDelegate.swift */,
				7EA9FC1D222902710000402D /* ViewController.swift */,
				7EA9FC1F222902710000402D /* Main.storyboard */,
				7EA9FC22222902720000402D /* Assets.xcassets */,
				7EA9FC24222902720000402D /* LaunchScreen.storyboard */,
				7EA9FC27222902720000402D /* Info.plist */,
			);
			path = TaxiMetrics;
			sourceTree = "<group>";
		};
		7EA9FC2F222902720000402D /* TaxiMetricsTests */ = {
			isa = PBXGroup;
			children = (
				7EA9FC30222902720000402D /* TaxiMetricsTests.swift */,
				7EA9FC32222902720000402D /* Info.plist */,
			);
			path = TaxiMetricsTests;
			sourceTree = "<group>";
		};
/* End PBXGroup section */

/* Begin PBXNativeTarget section */
		7EA9FC17222902700000402D /* TaxiMetrics */ = {
			isa = PBXNativeTarget;
			buildConfigurationList = 7EA9FC35222902720000402D /* Build configuration list for PBXNativeTarget "TaxiMetrics" */;
			buildPhases = (
				7EA9FC14222902700000402D /* Sources */,
				7EA9FC15222902700000402D /* Frameworks */,
				7EA9FC16222902700000402D /* Resources */,
			);
			buildRules = (
			);
			dependencies = (
			);
			name = TaxiMetrics;
			productName = TaxiMetrics;
			productReference = 7EA9FC18222902710000402D /* TaxiMetrics.app */;
			productType = "com.apple.product-type.application";
		};
		7EA9FC2B222902720000402D /* TaxiMetricsTests */ = {
			isa = PBXNativeTarget;
			buildConfigurationList = 7EA9FC38222902720000402D /* Build configuration list for PBXNativeTarget "TaxiMetricsTests" */;
			buildPhases = (
				7EA9FC28222902720000402D /* Sources */,
				7EA9FC29222902720000402D /* Frameworks */,
				7EA9FC2A222902720000402D /* Resources */,
			);
			buildRules = (
			);
			dependencies = (
				7EA9FC2E222902720000402D /* PBXTargetDependency */,
			);
			name = TaxiMetricsTests;
			productName = TaxiMetricsTests;
			productReference = 7EA9FC2C222902720000402D /* TaxiMetricsTests.xctest */;
			productType = "com.apple.product-type.bundle.unit-test";
		};
/* End PBXNativeTarget section */

/* Begin PBXProject section */
		7EA9FC10222902700000402D /* Project object */ = {
			isa = PBXProject;
			attributes = {
				LastSwiftUpdateCheck = 1010;
				LastUpgradeCheck = 1010;
				ORGANIZATIONNAME = "Austin Diviness";
				TargetAttributes = {
					7EA9FC17222902700000402D = {
						CreatedOnToolsVersion = 10.1;
					};
					7EA9FC2B222902720000402D = {
						CreatedOnToolsVersion = 10.1;
						TestTargetID = 7EA9FC17222902700000402D;
					};
				};
			};
			buildConfigurationList = 7EA9FC13222902700000402D /* Build configuration list for PBXProject "TaxiMetrics" */;
			compatibilityVersion = "Xcode 9.3";
			developmentRegion = en;
			hasScannedForEncodings = 0;
			knownRegions = (
				en,
				Base,
			);
			mainGroup = 7EA9FC0F222902700000402D;
			productRefGroup = 7EA9FC19222902710000402D /* Products */;
			projectDirPath = "";
			projectRoot = "";
			targets = (
				7EA9FC17222902700000402D /* TaxiMetrics */,
				7EA9FC2B222902720000402D /* TaxiMetricsTests */,
			);
		};
/* End PBXProject section */

/* Begin PBXResourcesBuildPhase section */
		7EA9FC16222902700000402D /* Resources */ = {
			isa = PBXResourcesBuildPhase;
			buildActionMask = 2147483647;
			files = (
				7EA9FC26222902720000402D /* LaunchScreen.storyboard in Resources */,
				7EA9FC23222902720000402D /* Assets.xcassets in Resources */,
				7EA9FC21222902710000402D /* Main.storyboard in Resources */,
			);
			runOnlyForDeploymentPostprocessing = 0;
		};
		7EA9FC2A222902720000402D /* Resources */ = {
			isa = PBXResourcesBuildPhase;
			buildActionMask = 2147483647;
			files = (
			);
			runOnlyForDeploymentPostprocessing = 0;
		};
/* End PBXResourcesBuildPhase section */

/* Begin PBXSourcesBuildPhase section */
		7EA9FC14222902700000402D /* Sources */ = {
			isa = PBXSourcesBuildPhase;
			buildActionMask = 2147483647;
			files = (
				7EA9FC1E222902710000402D /* ViewController.swift in Sources */,
				7EA9FC1C222902710000402D /* AppDelegate.swift in Sources */,
			);
			runOnlyForDeploymentPostprocessing = 0;
		};
		7EA9FC28222902720000402D /* Sources */ = {
			isa = PBXSourcesBuildPhase;
			buildActionMask = 2147483647;
			files = (
				7EA9FC31222902720000402D /* TaxiMetricsTests.swift in Sources */,
			);
			runOnlyForDeploymentPostprocessing = 0;
		};
/* End PBXSourcesBuildPhase section */

/* Begin PBXTargetDependency section */
		7EA9FC2E222902720000402D /* PBXTargetDependency */ = {
			isa = PBXTargetDependency;
			target = 7EA9FC17222902700000402D /* TaxiMetrics */;
			targetProxy = 7EA9FC2D222902720000402D /* PBXContainerItemProxy */;
		};
/* End PBXTargetDependency section */

/* Begin PBXVariantGroup section */
		7EA9FC1F222902710000402D /* Main.storyboard */ = {
			isa = PBXVariantGroup;
			children = (
				7EA9FC20222902710000402D /* Base */,
			);
			name = Main.storyboard;
			sourceTree = "<group>";
		};
		7EA9FC24222902720000402D /* LaunchScreen.storyboard */ = {
			isa = PBXVariantGroup;
			children = (
				7EA9FC25222902720000402D /* Base */,
			);
			name = LaunchScreen.storyboard;
			sourceTree = "<group>";
		};
/* End PBXVariantGroup section */

/* Begin XCBuildConfiguration section */
		7EA9FC33222902720000402D /* Debug */ = {
			isa = XCBuildConfiguration;
			buildSettings = {
				ALWAYS_SEARCH_USER_PATHS = NO;
				CLANG_ANALYZER_NONNULL = YES;
				CLANG_ANALYZER_NUMBER_OBJECT_CONVERSION = YES_AGGRESSIVE;
				CLANG_CXX_LANGUAGE_STANDARD = "gnu++14";
				CLANG_CXX_LIBRARY = "libc++";
				CLANG_ENABLE_MODULES = YES;
				CLANG_ENABLE_OBJC_ARC = YES;
				CLANG_ENABLE_OBJC_WEAK = YES;
				CLANG_WARN_BLOCK_CAPTURE_AUTORELEASING = YES;
				CLANG_WARN_BOOL_CONVERSION = YES;
				CLANG_WARN_COMMA = YES;
				CLANG_WARN_CONSTANT_CONVERSION = YES;
				CLANG_WARN_DEPRECATED_OBJC_IMPLEMENTATIONS = YES;
				CLANG_WARN_DIRECT_OBJC_ISA_USAGE = YES_ERROR;
				CLANG_WARN_DOCUMENTATION_COMMENTS = YES;
				CLANG_WARN_EMPTY_BODY = YES;
				CLANG_WARN_ENUM_CONVERSION = YES;
				CLANG_WARN_INFINITE_RECURSION = YES;
				CLANG_WARN_INT_CONVERSION = YES;
				CLANG_WARN_NON_LITERAL_NULL_CONVERSION = YES;
				CLANG_WARN_OBJC_IMPLICIT_RETAIN_SELF = YES;
				CLANG_WARN_OBJC_LITERAL_CONVERSION = YES;
				CLANG_WARN_OBJC_ROOT_CLASS = YES_ERROR;
				CLANG_WARN_RANGE_LOOP_ANALYSIS = YES;
				CLANG_WARN_STRICT_PROTOTYPES = YES;
				CLANG_WARN_SUSPICIOUS_MOVE = YES;
				CLANG_WARN_UNGUARDED_AVAILABILITY = YES_AGGRESSIVE;
				CLANG_WARN_UNREACHABLE_CODE = YES;
				CLANG_WARN__DUPLICATE_METHOD_MATCH = YES;
				CODE_SIGN_IDENTITY = "iPhone Developer";
				COPY_PHASE_STRIP = NO;
				DEBUG_INFORMATION_FORMAT = dwarf;
				ENABLE_STRICT_OBJC_MSGSEND = YES;
				ENABLE_TESTABILITY = YES;
				GCC_C_LANGUAGE_STANDARD = gnu11;
				GCC_DYNAMIC_NO_PIC = NO;
				GCC_NO_COMMON_BLOCKS = YES;
				GCC_OPTIMIZATION_LEVEL = 0;
				GCC_PREPROCESSOR_DEFINITIONS = (
					"DEBUG=1",
					"$(inherited)",
				);
				GCC_WARN_64_TO_32_BIT_CONVERSION = YES;
				GCC_WARN_ABOUT_RETURN_TYPE = YES_ERROR;
				GCC_WARN_UNDECLARED_SELECTOR = YES;
				GCC_WARN_UNINITIALIZED_AUTOS = YES_AGGRESSIVE;
				GCC_WARN_UNUSED_FUNCTION = YES;
				GCC_WARN_UNUSED_VARIABLE = YES;
				IPHONEOS_DEPLOYMENT_TARGET = 12.1;
				MTL_ENABLE_DEBUG_INFO = INCLUDE_SOURCE;
				MTL_FAST_MATH = YES;
				ONLY_ACTIVE_ARCH = YES;
				SDKROOT = iphoneos;
				SWIFT_ACTIVE_COMPILATION_CONDITIONS = DEBUG;
				SWIFT_OPTIMIZATION_LEVEL = "-Onone";
			};
			name = Debug;
		};
		7EA9FC34222902720000402D /* Release */ = {
			isa = XCBuildConfiguration;
			buildSettings = {
				ALWAYS_SEARCH_USER_PATHS = NO;
				CLANG_ANALYZER_NONNULL = YES;
				CLANG_ANALYZER_NUMBER_OBJECT_CONVERSION = YES_AGGRESSIVE;
				CLANG_CXX_LANGUAGE_STANDARD = "gnu++14";
				CLANG_CXX_LIBRARY = "libc++";
				CLANG_ENABLE_MODULES = YES;
				CLANG_ENABLE_OBJC_ARC = YES;
				CLANG_ENABLE_OBJC_WEAK = YES;
				CLANG_WARN_BLOCK_CAPTURE_AUTORELEASING = YES;
				CLANG_WARN_BOOL_CONVERSION = YES;
				CLANG_WARN_COMMA = YES;
				CLANG_WARN_CONSTANT_CONVERSION = YES;
				CLANG_WARN_DEPRECATED_OBJC_IMPLEMENTATIONS = YES;
				CLANG_WARN_DIRECT_OBJC_ISA_USAGE = YES_ERROR;
				CLANG_WARN_DOCUMENTATION_COMMENTS = YES;
				CLANG_WARN_EMPTY_BODY = YES;
				CLANG_WARN_ENUM_CONVERSION = YES;
				CLANG_WARN_INFINITE_RECURSION = YES;
				CLANG_WARN_INT_CONVERSION = YES;
				CLANG_WARN_NON_LITERAL_NULL_CONVERSION = YES;
				CLANG_WARN_OBJC_IMPLICIT_RETAIN_SELF = YES;
				CLANG_WARN_OBJC_LITERAL_CONVERSION = YES;
				CLANG_WARN_OBJC_ROOT_CLASS = YES_ERROR;
				CLANG_WARN_RANGE_LOOP_ANALYSIS = YES;
				CLANG_WARN_STRICT_PROTOTYPES = YES;
				CLANG_WARN_SUSPICIOUS_MOVE = YES;
				CLANG_WARN_UNGUARDED_AVAILABILITY = YES_AGGRESSIVE;
				CLANG_WARN_UNREACHABLE_CODE = YES;
				CLANG_WARN__DUPLICATE_METHOD_MATCH = YES;
				CODE_SIGN_IDENTITY = "iPhone Developer";
				COPY_PHASE_STRIP = NO;
				DEBUG_INFORMATION_FORMAT = "dwarf-with-dsym";
				ENABLE_NS_ASSERTIONS = NO;
				ENABLE_STRICT_OBJC_MSGSEND = YES;
				GCC_C_LANGUAGE_STANDARD = gnu11;
				GCC_NO_COMMON_BLOCKS = YES;
				GCC_WARN_64_TO_32_BIT_CONVERSION = YES;
				GCC_WARN_ABOUT_RETURN_TYPE = YES_ERROR;
				GCC_WARN_UNDECLARED_SELECTOR = YES;
				GCC_WARN_UNINITIALIZED_AUTOS = YES_AGGRESSIVE;
				GCC_WARN_UNUSED_FUNCTION = YES;
				GCC_WARN_UNUSED_VARIABLE = YES;
				IPHONEOS_DEPLOYMENT_TARGET = 12.1;
				MTL_ENABLE_DEBUG_INFO = NO;
				MTL_FAST_MATH = YES;
				SDKROOT = iphoneos;
				SWIFT_COMPILATION_MODE = wholemodule;
				SWIFT_OPTIMIZATION_LEVEL = "-O";
				VALIDATE_PRODUCT = YES;
			};
			name = Release;
		};
		7EA9FC36222902720000402D /* Debug */ = {
			isa = XCBuildConfiguration;
			buildSettings = {
				ASSETCATALOG_COMPILER_APPICON_NAME = AppIcon;
				CODE_SIGN_STYLE = Automatic;
				DEVELOPMENT_TEAM = DAXWNQMSTX;
				INFOPLIST_FILE = TaxiMetrics/Info.plist;
				LD_RUNPATH_SEARCH_PATHS = (
					"$(inherited)",
					"@executable_path/Frameworks",
				);
				PRODUCT_BUNDLE_IDENTIFIER = com.austindiviness.TaxiMetrics;
				PRODUCT_NAME = "$(TARGET_NAME)";
				SWIFT_VERSION = 4.2;
				TARGETED_DEVICE_FAMILY = "1,2";
			};
			name = Debug;
		};
		7EA9FC37222902720000402D /* Release */ = {
			isa = XCBuildConfiguration;
			buildSettings = {
				ASSETCATALOG_COMPILER_APPICON_NAME = AppIcon;
				CODE_SIGN_STYLE = Automatic;
				DEVELOPMENT_TEAM = DAXWNQMSTX;
				INFOPLIST_FILE = TaxiMetrics/Info.plist;
				LD_RUNPATH_SEARCH_PATHS = (
					"$(inherited)",
					"@executable_path/Frameworks",
				);
				PRODUCT_BUNDLE_IDENTIFIER = com.austindiviness.TaxiMetrics;
				PRODUCT_NAME = "$(TARGET_NAME)";
				SWIFT_VERSION = 4.2;
				TARGETED_DEVICE_FAMILY = "1,2";
			};
			name = Release;
		};
		7EA9FC39222902720000402D /* Debug */ = {
			isa = XCBuildConfiguration;
			buildSettings = {
				ALWAYS_EMBED_SWIFT_STANDARD_LIBRARIES = YES;
				BUNDLE_LOADER = "$(TEST_HOST)";
				CODE_SIGN_STYLE = Automatic;
				DEVELOPMENT_TEAM = DAXWNQMSTX;
				INFOPLIST_FILE = TaxiMetricsTests/Info.plist;
				LD_RUNPATH_SEARCH_PATHS = (
					"$(inherited)",
					"@executable_path/Frameworks",
					"@loader_path/Frameworks",
				);
				PRODUCT_BUNDLE_IDENTIFIER = com.austindiviness.TaxiMetricsTests;
				PRODUCT_NAME = "$(TARGET_NAME)";
				SWIFT_VERSION = 4.2;
				TARGETED_DEVICE_FAMILY = "1,2";
				TEST_HOST = "$(BUILT_PRODUCTS_DIR)/TaxiMetrics.app/TaxiMetrics";
			};
			name = Debug;
		};
		7EA9FC3A222902720000402D /* Release */ = {
			isa = XCBuildConfiguration;
			buildSettings = {
				ALWAYS_EMBED_SWIFT_STANDARD_LIBRARIES = YES;
				BUNDLE_LOADER = "$(TEST_HOST)";
				CODE_SIGN_STYLE = Automatic;
				DEVELOPMENT_TEAM = DAXWNQMSTX;
				INFOPLIST_FILE = TaxiMetricsTests/Info.plist;
				LD_RUNPATH_SEARCH_PATHS = (
					"$(inherited)",
					"@executable_path/Frameworks",
					"@loader_path/Frameworks",
				);
				PRODUCT_BUNDLE_IDENTIFIER = com.austindiviness.TaxiMetricsTests;
				PRODUCT_NAME = "$(TARGET_NAME)";
				SWIFT_VERSION = 4.2;
				TARGETED_DEVICE_FAMILY = "1,2";
				TEST_HOST = "$(BUILT_PRODUCTS_DIR)/TaxiMetrics.app/TaxiMetrics";
			};
			name = Release;
		};
/* End XCBuildConfiguration section */

/* Begin XCConfigurationList section */
		7EA9FC13222902700000402D /* Build configuration list for PBXProject "TaxiMetrics" */ = {
			isa = XCConfigurationList;
			buildConfigurations = (
				7EA9FC33222902720000402D /* Debug */,
				7EA9FC34222902720000402D /* Release */,
			);
			defaultConfigurationIsVisible = 0;
			defaultConfigurationName = Release;
		};
		7EA9FC35222902720000402D /* Build configuration list for PBXNativeTarget "TaxiMetrics" */ = {
			isa = XCConfigurationList;
			buildConfigurations = (
				7EA9FC36222902720000402D /* Debug */,
				7EA9FC37222902720000402D /* Release */,
			);
			defaultConfigurationIsVisible = 0;
			defaultConfigurationName = Release;
		};
		7EA9FC38222902720000402D /* Build configuration list for PBXNativeTarget "TaxiMetricsTests" */ = {
			isa = XCConfigurationList;
			buildConfigurations = (
				7EA9FC39222902720000402D /* Debug */,
				7EA9FC3A222902720000402D /* Release */,
			);
			defaultConfigurationIsVisible = 0;
			defaultConfigurationName = Release;
		};
/* End XCConfigurationList section */
	};
	rootObject = 7EA9FC10222902700000402D /* Project object */;
}
